<Solution>
  <Folder Name="/src/">
    <Project Path="src/DotOrbit.Core/DotOrbit.Core.csproj" />
    <Project Path="src/DotOrbit.Desktop/DotOrbit.Desktop.csproj" />
    <Project Path="src/DotOrbit.Storage.Sqlite/DotOrbit.Storage.Sqlite.csproj" />
  </Folder>
  <Folder Name="/tests/">
    <Project Path="tests/DotOrbit.Desktop.Tests/DotOrbit.Desktop.Tests.csproj" />
  </Folder>
</Solution>
